
Microsoft Visual Studio Solution File, Format Version 12.00
Project("{FAE04EC0-301F-11D3-BF4B-00C04F79EFBC}") = "Framework", "Framework\Framework.csproj", "{D8CABCD7-5AFF-40FE-BAA0-39BA1515A2E9}"
EndProject
Project("{FAE04EC0-301F-11D3-BF4B-00C04F79EFBC}") = "Shared", "Shared\Shared.csproj", "{607B8050-15A5-4809-9435-1040D9703FBE}"
EndProject
Project("{2150E333-8FDC-42A3-9474-1A3956D46DE8}") = "SharedAdapters", "SharedAdapters", "{D2ADC1EE-4D47-4FE8-89A6-B0383AE8E6E1}"
EndProject
Project("{FAE04EC0-301F-11D3-BF4B-00C04F79EFBC}") = "NewtonSoftAdapter", "SharedAdapters\NewtonSoftAdapter\NewtonSoftAdapter.csproj", "{3C59159F-4B4D-43FE-848F-C3919A7062F7}"
EndProject
Project("{2150E333-8FDC-42A3-9474-1A3956D46DE8}") = "CommandSide", "CommandSide", "{2C813AFF-345D-44BE-9C38-BC3D116DA78F}"
EndProject
Project("{FAE04EC0-301F-11D3-BF4B-00C04F79EFBC}") = "Framework.Commanding", "CommandSide\Framework.Commanding\Framework.Commanding.csproj", "{EBBAAB27-4D9A-46BA-A792-085F465581B2}"
EndProject
Project("{FAE04EC0-301F-11D3-BF4B-00C04F79EFBC}") = "Domain", "CommandSide\Domain\Domain.csproj", "{657745B6-0885-4FED-B487-68D2895EC8AF}"
EndProject
Project("{FAE04EC0-301F-11D3-BF4B-00C04F79EFBC}") = "ApplicationServices", "CommandSide\ApplicationServices\ApplicationServices.csproj", "{890E5E0D-DDDA-4F39-BBF6-73058DAE3CC6}"
EndProject
Project("{FAE04EC0-301F-11D3-BF4B-00C04F79EFBC}") = "Ports", "CommandSide\Ports\Ports.csproj", "{16312814-3102-4CA5-8DE5-8927FEC6293D}"
EndProject
Project("{2150E333-8FDC-42A3-9474-1A3956D46DE8}") = "Adapters", "Adapters", "{3333B7E9-D55B-4093-9CD5-07470BAB226B}"
EndProject
Project("{FAE04EC0-301F-11D3-BF4B-00C04F79EFBC}") = "EventStoreAdapter", "CommandSide\Adapters\EventStoreAdapter\EventStoreAdapter.csproj", "{2D192056-DC85-43F5-9FF6-54742D990A52}"
EndProject
Project("{FAE04EC0-301F-11D3-BF4B-00C04F79EFBC}") = "InMemoryAdapter", "CommandSide\Adapters\InMemoryAdapter\InMemoryAdapter.csproj", "{EC688247-178D-4EE6-9BB1-3EE9514069E8}"
EndProject
Project("{FAE04EC0-301F-11D3-BF4B-00C04F79EFBC}") = "ApplicationWireUp", "CommandSide\ApplicationWireUp\ApplicationWireUp.csproj", "{18054530-61B0-4AF3-B85B-EF464030DE71}"
EndProject
Global
	GlobalSection(SolutionConfigurationPlatforms) = preSolution
		Debug|Any CPU = Debug|Any CPU
		Release|Any CPU = Release|Any CPU
	EndGlobalSection
	GlobalSection(ProjectConfigurationPlatforms) = postSolution
		{D8CABCD7-5AFF-40FE-BAA0-39BA1515A2E9}.Debug|Any CPU.ActiveCfg = Debug|Any CPU
		{D8CABCD7-5AFF-40FE-BAA0-39BA1515A2E9}.Debug|Any CPU.Build.0 = Debug|Any CPU
		{D8CABCD7-5AFF-40FE-BAA0-39BA1515A2E9}.Release|Any CPU.ActiveCfg = Release|Any CPU
		{D8CABCD7-5AFF-40FE-BAA0-39BA1515A2E9}.Release|Any CPU.Build.0 = Release|Any CPU
		{607B8050-15A5-4809-9435-1040D9703FBE}.Debug|Any CPU.ActiveCfg = Debug|Any CPU
		{607B8050-15A5-4809-9435-1040D9703FBE}.Debug|Any CPU.Build.0 = Debug|Any CPU
		{607B8050-15A5-4809-9435-1040D9703FBE}.Release|Any CPU.ActiveCfg = Release|Any CPU
		{607B8050-15A5-4809-9435-1040D9703FBE}.Release|Any CPU.Build.0 = Release|Any CPU
		{3C59159F-4B4D-43FE-848F-C3919A7062F7}.Debug|Any CPU.ActiveCfg = Debug|Any CPU
		{3C59159F-4B4D-43FE-848F-C3919A7062F7}.Debug|Any CPU.Build.0 = Debug|Any CPU
		{3C59159F-4B4D-43FE-848F-C3919A7062F7}.Release|Any CPU.ActiveCfg = Release|Any CPU
		{3C59159F-4B4D-43FE-848F-C3919A7062F7}.Release|Any CPU.Build.0 = Release|Any CPU
		{EBBAAB27-4D9A-46BA-A792-085F465581B2}.Debug|Any CPU.ActiveCfg = Debug|Any CPU
		{EBBAAB27-4D9A-46BA-A792-085F465581B2}.Debug|Any CPU.Build.0 = Debug|Any CPU
		{EBBAAB27-4D9A-46BA-A792-085F465581B2}.Release|Any CPU.ActiveCfg = Release|Any CPU
		{EBBAAB27-4D9A-46BA-A792-085F465581B2}.Release|Any CPU.Build.0 = Release|Any CPU
		{657745B6-0885-4FED-B487-68D2895EC8AF}.Debug|Any CPU.ActiveCfg = Debug|Any CPU
		{657745B6-0885-4FED-B487-68D2895EC8AF}.Debug|Any CPU.Build.0 = Debug|Any CPU
		{657745B6-0885-4FED-B487-68D2895EC8AF}.Release|Any CPU.ActiveCfg = Release|Any CPU
		{657745B6-0885-4FED-B487-68D2895EC8AF}.Release|Any CPU.Build.0 = Release|Any CPU
		{890E5E0D-DDDA-4F39-BBF6-73058DAE3CC6}.Debug|Any CPU.ActiveCfg = Debug|Any CPU
		{890E5E0D-DDDA-4F39-BBF6-73058DAE3CC6}.Debug|Any CPU.Build.0 = Debug|Any CPU
		{890E5E0D-DDDA-4F39-BBF6-73058DAE3CC6}.Release|Any CPU.ActiveCfg = Release|Any CPU
		{890E5E0D-DDDA-4F39-BBF6-73058DAE3CC6}.Release|Any CPU.Build.0 = Release|Any CPU
		{16312814-3102-4CA5-8DE5-8927FEC6293D}.Debug|Any CPU.ActiveCfg = Debug|Any CPU
		{16312814-3102-4CA5-8DE5-8927FEC6293D}.Debug|Any CPU.Build.0 = Debug|Any CPU
		{16312814-3102-4CA5-8DE5-8927FEC6293D}.Release|Any CPU.ActiveCfg = Release|Any CPU
		{16312814-3102-4CA5-8DE5-8927FEC6293D}.Release|Any CPU.Build.0 = Release|Any CPU
		{2D192056-DC85-43F5-9FF6-54742D990A52}.Debug|Any CPU.ActiveCfg = Debug|Any CPU
		{2D192056-DC85-43F5-9FF6-54742D990A52}.Debug|Any CPU.Build.0 = Debug|Any CPU
		{2D192056-DC85-43F5-9FF6-54742D990A52}.Release|Any CPU.ActiveCfg = Release|Any CPU
		{2D192056-DC85-43F5-9FF6-54742D990A52}.Release|Any CPU.Build.0 = Release|Any CPU
		{EC688247-178D-4EE6-9BB1-3EE9514069E8}.Debug|Any CPU.ActiveCfg = Debug|Any CPU
		{EC688247-178D-4EE6-9BB1-3EE9514069E8}.Debug|Any CPU.Build.0 = Debug|Any CPU
		{EC688247-178D-4EE6-9BB1-3EE9514069E8}.Release|Any CPU.ActiveCfg = Release|Any CPU
		{EC688247-178D-4EE6-9BB1-3EE9514069E8}.Release|Any CPU.Build.0 = Release|Any CPU
		{18054530-61B0-4AF3-B85B-EF464030DE71}.Debug|Any CPU.ActiveCfg = Debug|Any CPU
		{18054530-61B0-4AF3-B85B-EF464030DE71}.Debug|Any CPU.Build.0 = Debug|Any CPU
		{18054530-61B0-4AF3-B85B-EF464030DE71}.Release|Any CPU.ActiveCfg = Release|Any CPU
		{18054530-61B0-4AF3-B85B-EF464030DE71}.Release|Any CPU.Build.0 = Release|Any CPU
	EndGlobalSection
	GlobalSection(NestedProjects) = preSolution
		{3C59159F-4B4D-43FE-848F-C3919A7062F7} = {D2ADC1EE-4D47-4FE8-89A6-B0383AE8E6E1}
		{EBBAAB27-4D9A-46BA-A792-085F465581B2} = {2C813AFF-345D-44BE-9C38-BC3D116DA78F}
		{657745B6-0885-4FED-B487-68D2895EC8AF} = {2C813AFF-345D-44BE-9C38-BC3D116DA78F}
		{890E5E0D-DDDA-4F39-BBF6-73058DAE3CC6} = {2C813AFF-345D-44BE-9C38-BC3D116DA78F}
		{16312814-3102-4CA5-8DE5-8927FEC6293D} = {2C813AFF-345D-44BE-9C38-BC3D116DA78F}
		{3333B7E9-D55B-4093-9CD5-07470BAB226B} = {2C813AFF-345D-44BE-9C38-BC3D116DA78F}
		{2D192056-DC85-43F5-9FF6-54742D990A52} = {3333B7E9-D55B-4093-9CD5-07470BAB226B}
		{EC688247-178D-4EE6-9BB1-3EE9514069E8} = {3333B7E9-D55B-4093-9CD5-07470BAB226B}
		{18054530-61B0-4AF3-B85B-EF464030DE71} = {2C813AFF-345D-44BE-9C38-BC3D116DA78F}
	EndGlobalSection
EndGlobal
