
Microsoft Visual Studio Solution File, Format Version 12.00
Project("{FAE04EC0-301F-11D3-BF4B-00C04F79EFBC}") = "Framework", "Framework\Framework.csproj", "{D8CABCD7-5AFF-40FE-BAA0-39BA1515A2E9}"
EndProject
Project("{FAE04EC0-301F-11D3-BF4B-00C04F79EFBC}") = "Shared", "Shared\Shared.csproj", "{607B8050-15A5-4809-9435-1040D9703FBE}"
EndProject
Project("{2150E333-8FDC-42A3-9474-1A3956D46DE8}") = "SharedAdapters", "SharedAdapters", "{D2ADC1EE-4D47-4FE8-89A6-B0383AE8E6E1}"
EndProject
Project("{FAE04EC0-301F-11D3-BF4B-00C04F79EFBC}") = "NewtonSoftAdapter", "SharedAdapters\NewtonSoftAdapter\NewtonSoftAdapter.csproj", "{3C59159F-4B4D-43FE-848F-C3919A7062F7}"
EndProject
Project("{2150E333-8FDC-42A3-9474-1A3956D46DE8}") = "CommandSide", "CommandSide", "{2C813AFF-345D-44BE-9C38-BC3D116DA78F}"
EndProject
Project("{FAE04EC0-301F-11D3-BF4B-00C04F79EFBC}") = "Framework.Commanding", "CommandSide\Framework.Commanding\Framework.Commanding.csproj", "{EBBAAB27-4D9A-46BA-A792-085F465581B2}"
EndProject
Project("{FAE04EC0-301F-11D3-BF4B-00C04F79EFBC}") = "Domain", "CommandSide\Domain\Domain.csproj", "{657745B6-0885-4FED-B487-68D2895EC8AF}"
EndProject
Project("{FAE04EC0-301F-11D3-BF4B-00C04F79EFBC}") = "ApplicationServices", "CommandSide\ApplicationServices\ApplicationServices.csproj", "{890E5E0D-DDDA-4F39-BBF6-73058DAE3CC6}"
EndProject
Project("{FAE04EC0-301F-11D3-BF4B-00C04F79EFBC}") = "Ports", "CommandSide\Ports\Ports.csproj", "{16312814-3102-4CA5-8DE5-8927FEC6293D}"
EndProject
Project("{2150E333-8FDC-42A3-9474-1A3956D46DE8}") = "Adapters", "Adapters", "{3333B7E9-D55B-4093-9CD5-07470BAB226B}"
EndProject
Project("{FAE04EC0-301F-11D3-BF4B-00C04F79EFBC}") = "EventStoreAdapter", "CommandSide\Adapters\EventStoreAdapter\EventStoreAdapter.csproj", "{2D192056-DC85-43F5-9FF6-54742D990A52}"
EndProject
Project("{FAE04EC0-301F-11D3-BF4B-00C04F79EFBC}") = "InMemoryAdapter", "CommandSide\Adapters\InMemoryAdapter\InMemoryAdapter.csproj", "{EC688247-178D-4EE6-9BB1-3EE9514069E8}"
EndProject
Project("{FAE04EC0-301F-11D3-BF4B-00C04F79EFBC}") = "ApplicationWireUp", "CommandSide\ApplicationWireUp\ApplicationWireUp.csproj", "{18054530-61B0-4AF3-B85B-EF464030DE71}"
EndProject
Project("{FAE04EC0-301F-11D3-BF4B-00C04F79EFBC}") = "WebApplication", "CommandSide\WebApplication\WebApplication.csproj", "{8FD9727C-DA3C-46D1-B665-8363FB52E11B}"
EndProject
Project("{FAE04EC0-301F-11D3-BF4B-00C04F79EFBC}") = "Tests", "CommandSide\Tests\Tests.csproj", "{0FE27A90-8329-410D-BD3F-C4566DCEF702}"
EndProject
Project("{2150E333-8FDC-42A3-9474-1A3956D46DE8}") = "QuerySide", "QuerySide", "{FAE3C3A3-CF9A-4FAA-AE29-4799AEC8FB18}"
EndProject
Project("{FAE04EC0-301F-11D3-BF4B-00C04F79EFBC}") = "Framework.Querying", "QuerySide\Framework.Querying\Framework.Querying.csproj", "{D9C35D86-F8B1-4A3A-9B17-88935F1FE9BA}"
EndProject
Project("{FAE04EC0-301F-11D3-BF4B-00C04F79EFBC}") = "ApplicationServices", "QuerySide\ApplicationServices\ApplicationServices.csproj", "{670C042D-F8AC-4752-B50B-82EBE830059C}"
EndProject
Project("{FAE04EC0-301F-11D3-BF4B-00C04F79EFBC}") = "ApplicationWireUp", "QuerySide\ApplicationWireUp\ApplicationWireUp.csproj", "{22908C0D-3EB9-4919-B8BC-C5F1A2402324}"
EndProject
Project("{FAE04EC0-301F-11D3-BF4B-00C04F79EFBC}") = "WebApplication", "QuerySide\WebApplication\WebApplication.csproj", "{938E8C30-96A7-4965-9760-6B78CBD9EADF}"
EndProject
Project("{FAE04EC0-301F-11D3-BF4B-00C04F79EFBC}") = "Tests", "QuerySide\Tests\Tests.csproj", "{BDDFF8B5-8FC7-46A8-94A7-78BB9371F63B}"
EndProject
Project("{FAE04EC0-301F-11D3-BF4B-00C04F79EFBC}") = "RedisProjections", "QuerySide\RedisProjections\RedisProjections.csproj", "{03FEF466-D0C8-4A04-8A57-7B2F9267D1BE}"
EndProject
Global
	GlobalSection(SolutionConfigurationPlatforms) = preSolution
		Debug|Any CPU = Debug|Any CPU
		Release|Any CPU = Release|Any CPU
	EndGlobalSection
	GlobalSection(ProjectConfigurationPlatforms) = postSolution
		{D8CABCD7-5AFF-40FE-BAA0-39BA1515A2E9}.Debug|Any CPU.ActiveCfg = Debug|Any CPU
		{D8CABCD7-5AFF-40FE-BAA0-39BA1515A2E9}.Debug|Any CPU.Build.0 = Debug|Any CPU
		{D8CABCD7-5AFF-40FE-BAA0-39BA1515A2E9}.Release|Any CPU.ActiveCfg = Release|Any CPU
		{D8CABCD7-5AFF-40FE-BAA0-39BA1515A2E9}.Release|Any CPU.Build.0 = Release|Any CPU
		{607B8050-15A5-4809-9435-1040D9703FBE}.Debug|Any CPU.ActiveCfg = Debug|Any CPU
		{607B8050-15A5-4809-9435-1040D9703FBE}.Debug|Any CPU.Build.0 = Debug|Any CPU
		{607B8050-15A5-4809-9435-1040D9703FBE}.Release|Any CPU.ActiveCfg = Release|Any CPU
		{607B8050-15A5-4809-9435-1040D9703FBE}.Release|Any CPU.Build.0 = Release|Any CPU
		{3C59159F-4B4D-43FE-848F-C3919A7062F7}.Debug|Any CPU.ActiveCfg = Debug|Any CPU
		{3C59159F-4B4D-43FE-848F-C3919A7062F7}.Debug|Any CPU.Build.0 = Debug|Any CPU
		{3C59159F-4B4D-43FE-848F-C3919A7062F7}.Release|Any CPU.ActiveCfg = Release|Any CPU
		{3C59159F-4B4D-43FE-848F-C3919A7062F7}.Release|Any CPU.Build.0 = Release|Any CPU
		{EBBAAB27-4D9A-46BA-A792-085F465581B2}.Debug|Any CPU.ActiveCfg = Debug|Any CPU
		{EBBAAB27-4D9A-46BA-A792-085F465581B2}.Debug|Any CPU.Build.0 = Debug|Any CPU
		{EBBAAB27-4D9A-46BA-A792-085F465581B2}.Release|Any CPU.ActiveCfg = Release|Any CPU
		{EBBAAB27-4D9A-46BA-A792-085F465581B2}.Release|Any CPU.Build.0 = Release|Any CPU
		{657745B6-0885-4FED-B487-68D2895EC8AF}.Debug|Any CPU.ActiveCfg = Debug|Any CPU
		{657745B6-0885-4FED-B487-68D2895EC8AF}.Debug|Any CPU.Build.0 = Debug|Any CPU
		{657745B6-0885-4FED-B487-68D2895EC8AF}.Release|Any CPU.ActiveCfg = Release|Any CPU
		{657745B6-0885-4FED-B487-68D2895EC8AF}.Release|Any CPU.Build.0 = Release|Any CPU
		{890E5E0D-DDDA-4F39-BBF6-73058DAE3CC6}.Debug|Any CPU.ActiveCfg = Debug|Any CPU
		{890E5E0D-DDDA-4F39-BBF6-73058DAE3CC6}.Debug|Any CPU.Build.0 = Debug|Any CPU
		{890E5E0D-DDDA-4F39-BBF6-73058DAE3CC6}.Release|Any CPU.ActiveCfg = Release|Any CPU
		{890E5E0D-DDDA-4F39-BBF6-73058DAE3CC6}.Release|Any CPU.Build.0 = Release|Any CPU
		{16312814-3102-4CA5-8DE5-8927FEC6293D}.Debug|Any CPU.ActiveCfg = Debug|Any CPU
		{16312814-3102-4CA5-8DE5-8927FEC6293D}.Debug|Any CPU.Build.0 = Debug|Any CPU
		{16312814-3102-4CA5-8DE5-8927FEC6293D}.Release|Any CPU.ActiveCfg = Release|Any CPU
		{16312814-3102-4CA5-8DE5-8927FEC6293D}.Release|Any CPU.Build.0 = Release|Any CPU
		{2D192056-DC85-43F5-9FF6-54742D990A52}.Debug|Any CPU.ActiveCfg = Debug|Any CPU
		{2D192056-DC85-43F5-9FF6-54742D990A52}.Debug|Any CPU.Build.0 = Debug|Any CPU
		{2D192056-DC85-43F5-9FF6-54742D990A52}.Release|Any CPU.ActiveCfg = Release|Any CPU
		{2D192056-DC85-43F5-9FF6-54742D990A52}.Release|Any CPU.Build.0 = Release|Any CPU
		{EC688247-178D-4EE6-9BB1-3EE9514069E8}.Debug|Any CPU.ActiveCfg = Debug|Any CPU
		{EC688247-178D-4EE6-9BB1-3EE9514069E8}.Debug|Any CPU.Build.0 = Debug|Any CPU
		{EC688247-178D-4EE6-9BB1-3EE9514069E8}.Release|Any CPU.ActiveCfg = Release|Any CPU
		{EC688247-178D-4EE6-9BB1-3EE9514069E8}.Release|Any CPU.Build.0 = Release|Any CPU
		{18054530-61B0-4AF3-B85B-EF464030DE71}.Debug|Any CPU.ActiveCfg = Debug|Any CPU
		{18054530-61B0-4AF3-B85B-EF464030DE71}.Debug|Any CPU.Build.0 = Debug|Any CPU
		{18054530-61B0-4AF3-B85B-EF464030DE71}.Release|Any CPU.ActiveCfg = Release|Any CPU
		{18054530-61B0-4AF3-B85B-EF464030DE71}.Release|Any CPU.Build.0 = Release|Any CPU
		{8FD9727C-DA3C-46D1-B665-8363FB52E11B}.Debug|Any CPU.ActiveCfg = Debug|Any CPU
		{8FD9727C-DA3C-46D1-B665-8363FB52E11B}.Debug|Any CPU.Build.0 = Debug|Any CPU
		{8FD9727C-DA3C-46D1-B665-8363FB52E11B}.Release|Any CPU.ActiveCfg = Release|Any CPU
		{8FD9727C-DA3C-46D1-B665-8363FB52E11B}.Release|Any CPU.Build.0 = Release|Any CPU
		{0FE27A90-8329-410D-BD3F-C4566DCEF702}.Debug|Any CPU.ActiveCfg = Debug|Any CPU
		{0FE27A90-8329-410D-BD3F-C4566DCEF702}.Debug|Any CPU.Build.0 = Debug|Any CPU
		{0FE27A90-8329-410D-BD3F-C4566DCEF702}.Release|Any CPU.ActiveCfg = Release|Any CPU
		{0FE27A90-8329-410D-BD3F-C4566DCEF702}.Release|Any CPU.Build.0 = Release|Any CPU
		{D9C35D86-F8B1-4A3A-9B17-88935F1FE9BA}.Debug|Any CPU.ActiveCfg = Debug|Any CPU
		{D9C35D86-F8B1-4A3A-9B17-88935F1FE9BA}.Debug|Any CPU.Build.0 = Debug|Any CPU
		{D9C35D86-F8B1-4A3A-9B17-88935F1FE9BA}.Release|Any CPU.ActiveCfg = Release|Any CPU
		{D9C35D86-F8B1-4A3A-9B17-88935F1FE9BA}.Release|Any CPU.Build.0 = Release|Any CPU
		{670C042D-F8AC-4752-B50B-82EBE830059C}.Debug|Any CPU.ActiveCfg = Debug|Any CPU
		{670C042D-F8AC-4752-B50B-82EBE830059C}.Debug|Any CPU.Build.0 = Debug|Any CPU
		{670C042D-F8AC-4752-B50B-82EBE830059C}.Release|Any CPU.ActiveCfg = Release|Any CPU
		{670C042D-F8AC-4752-B50B-82EBE830059C}.Release|Any CPU.Build.0 = Release|Any CPU
		{22908C0D-3EB9-4919-B8BC-C5F1A2402324}.Debug|Any CPU.ActiveCfg = Debug|Any CPU
		{22908C0D-3EB9-4919-B8BC-C5F1A2402324}.Debug|Any CPU.Build.0 = Debug|Any CPU
		{22908C0D-3EB9-4919-B8BC-C5F1A2402324}.Release|Any CPU.ActiveCfg = Release|Any CPU
		{22908C0D-3EB9-4919-B8BC-C5F1A2402324}.Release|Any CPU.Build.0 = Release|Any CPU
		{938E8C30-96A7-4965-9760-6B78CBD9EADF}.Debug|Any CPU.ActiveCfg = Debug|Any CPU
		{938E8C30-96A7-4965-9760-6B78CBD9EADF}.Debug|Any CPU.Build.0 = Debug|Any CPU
		{938E8C30-96A7-4965-9760-6B78CBD9EADF}.Release|Any CPU.ActiveCfg = Release|Any CPU
		{938E8C30-96A7-4965-9760-6B78CBD9EADF}.Release|Any CPU.Build.0 = Release|Any CPU
		{BDDFF8B5-8FC7-46A8-94A7-78BB9371F63B}.Debug|Any CPU.ActiveCfg = Debug|Any CPU
		{BDDFF8B5-8FC7-46A8-94A7-78BB9371F63B}.Debug|Any CPU.Build.0 = Debug|Any CPU
		{BDDFF8B5-8FC7-46A8-94A7-78BB9371F63B}.Release|Any CPU.ActiveCfg = Release|Any CPU
		{BDDFF8B5-8FC7-46A8-94A7-78BB9371F63B}.Release|Any CPU.Build.0 = Release|Any CPU
		{03FEF466-D0C8-4A04-8A57-7B2F9267D1BE}.Debug|Any CPU.ActiveCfg = Debug|Any CPU
		{03FEF466-D0C8-4A04-8A57-7B2F9267D1BE}.Debug|Any CPU.Build.0 = Debug|Any CPU
		{03FEF466-D0C8-4A04-8A57-7B2F9267D1BE}.Release|Any CPU.ActiveCfg = Release|Any CPU
		{03FEF466-D0C8-4A04-8A57-7B2F9267D1BE}.Release|Any CPU.Build.0 = Release|Any CPU
	EndGlobalSection
	GlobalSection(NestedProjects) = preSolution
		{3C59159F-4B4D-43FE-848F-C3919A7062F7} = {D2ADC1EE-4D47-4FE8-89A6-B0383AE8E6E1}
		{EBBAAB27-4D9A-46BA-A792-085F465581B2} = {2C813AFF-345D-44BE-9C38-BC3D116DA78F}
		{657745B6-0885-4FED-B487-68D2895EC8AF} = {2C813AFF-345D-44BE-9C38-BC3D116DA78F}
		{890E5E0D-DDDA-4F39-BBF6-73058DAE3CC6} = {2C813AFF-345D-44BE-9C38-BC3D116DA78F}
		{16312814-3102-4CA5-8DE5-8927FEC6293D} = {2C813AFF-345D-44BE-9C38-BC3D116DA78F}
		{3333B7E9-D55B-4093-9CD5-07470BAB226B} = {2C813AFF-345D-44BE-9C38-BC3D116DA78F}
		{2D192056-DC85-43F5-9FF6-54742D990A52} = {3333B7E9-D55B-4093-9CD5-07470BAB226B}
		{EC688247-178D-4EE6-9BB1-3EE9514069E8} = {3333B7E9-D55B-4093-9CD5-07470BAB226B}
		{18054530-61B0-4AF3-B85B-EF464030DE71} = {2C813AFF-345D-44BE-9C38-BC3D116DA78F}
		{8FD9727C-DA3C-46D1-B665-8363FB52E11B} = {2C813AFF-345D-44BE-9C38-BC3D116DA78F}
		{0FE27A90-8329-410D-BD3F-C4566DCEF702} = {2C813AFF-345D-44BE-9C38-BC3D116DA78F}
		{D9C35D86-F8B1-4A3A-9B17-88935F1FE9BA} = {FAE3C3A3-CF9A-4FAA-AE29-4799AEC8FB18}
		{670C042D-F8AC-4752-B50B-82EBE830059C} = {FAE3C3A3-CF9A-4FAA-AE29-4799AEC8FB18}
		{22908C0D-3EB9-4919-B8BC-C5F1A2402324} = {FAE3C3A3-CF9A-4FAA-AE29-4799AEC8FB18}
		{938E8C30-96A7-4965-9760-6B78CBD9EADF} = {FAE3C3A3-CF9A-4FAA-AE29-4799AEC8FB18}
		{BDDFF8B5-8FC7-46A8-94A7-78BB9371F63B} = {FAE3C3A3-CF9A-4FAA-AE29-4799AEC8FB18}
		{03FEF466-D0C8-4A04-8A57-7B2F9267D1BE} = {FAE3C3A3-CF9A-4FAA-AE29-4799AEC8FB18}
	EndGlobalSection
EndGlobal
